
Microsoft Visual Studio Solution File, Format Version 12.00
# Visual Studio Version 16
VisualStudioVersion = 16.0.31911.196
MinimumVisualStudioVersion = 10.0.40219.1
Project("{9A19103F-16F7-4668-BE54-9A1E7A4F7556}") = "PHAMHUYNHANHTUAN_21DH114269", "PHAMHUYNHANHTUAN_21DH114269\PHAMHUYNHANHTUAN_21DH114269.csproj", "{421E188F-CF88-4EC2-A075-41EFCA6481CF}"
EndProject
Global
	GlobalSection(SolutionConfigurationPlatforms) = preSolution
		Debug|Any CPU = Debug|Any CPU
		Release|Any CPU = Release|Any CPU
	EndGlobalSection
	GlobalSection(ProjectConfigurationPlatforms) = postSolution
		{421E188F-CF88-4EC2-A075-41EFCA6481CF}.Debug|Any CPU.ActiveCfg = Debug|Any CPU
		{421E188F-CF88-4EC2-A075-41EFCA6481CF}.Debug|Any CPU.Build.0 = Debug|Any CPU
		{421E188F-CF88-4EC2-A075-41EFCA6481CF}.Release|Any CPU.ActiveCfg = Release|Any CPU
		{421E188F-CF88-4EC2-A075-41EFCA6481CF}.Release|Any CPU.Build.0 = Release|Any CPU
	EndGlobalSection
	GlobalSection(SolutionProperties) = preSolution
		HideSolutionNode = FALSE
	EndGlobalSection
	GlobalSection(ExtensibilityGlobals) = postSolution
		SolutionGuid = {DB7650B3-D9ED-4D05-846E-5B238B75CEA0}
	EndGlobalSection
EndGlobal
